{
  "version": 4,
  "terraform_version": "1.0.2",
  "serial": 26,
  "lineage": "16bd91a8-f865-5e75-2cff-79156689cd63",
  "outputs": {},
  "resources": [
    {
      "mode": "managed",
      "type": "aws_instance",
      "name": "web",
      "provider": "provider[\"registry.terraform.io/hashicorp/aws\"]",
      "instances": [
        {
          "schema_version": 1,
          "attributes": {
            "ami": "ami-0dc2d3e4c0f9ebd18",
            "arn": "arn:aws:ec2:us-east-1:217859617624:instance/i-08fbbcbb23c9e9129",
            "associate_public_ip_address": true,
            "availability_zone": "us-east-1b",
            "capacity_reservation_specification": [
              {
                "capacity_reservation_preference": "open",
                "capacity_reservation_target": []
              }
            ],
            "cpu_core_count": 1,
            "cpu_threads_per_core": 1,
            "credit_specification": [
              {
                "cpu_credits": "standard"
              }
            ],
            "disable_api_termination": false,
            "ebs_block_device": [],
            "ebs_optimized": false,
            "enclave_options": [
              {
                "enabled": false
              }
            ],
            "ephemeral_block_device": [],
            "get_password_data": false,
            "hibernation": false,
            "host_id": null,
            "iam_instance_profile": "",
            "id": "i-08fbbcbb23c9e9129",
            "instance_initiated_shutdown_behavior": "stop",
            "instance_state": "running",
            "instance_type": "t2.micro",
            "ipv6_address_count": 0,
            "ipv6_addresses": [],
            "key_name": "deployer-key",
            "metadata_options": [
              {
                "http_endpoint": "enabled",
                "http_put_response_hop_limit": 1,
                "http_tokens": "optional"
              }
            ],
            "monitoring": false,
            "network_interface": [],
            "outpost_arn": "",
            "password_data": "",
            "placement_group": "",
            "primary_network_interface_id": "eni-0674a5d76d602a771",
            "private_dns": "ip-172-31-10-15.ec2.internal",
            "private_ip": "172.31.10.15",
            "public_dns": "ec2-44-195-30-232.compute-1.amazonaws.com",
            "public_ip": "44.195.30.232",
            "root_block_device": [
              {
                "delete_on_termination": true,
                "device_name": "/dev/xvda",
                "encrypted": false,
                "iops": 100,
                "kms_key_id": "",
                "tags": {},
                "throughput": 0,
                "volume_id": "vol-0e8fc66d588528ec1",
                "volume_size": 8,
                "volume_type": "gp2"
              }
            ],
            "secondary_private_ips": [],
            "security_groups": [
              "default"
            ],
            "source_dest_check": true,
            "subnet_id": "subnet-0010855c9366d4cb4",
            "tags": {
              "Name": "web page"
            },
            "tags_all": {
              "Name": "web page"
            },
            "tenancy": "default",
            "timeouts": null,
            "user_data": null,
            "user_data_base64": null,
            "volume_tags": null,
            "vpc_security_group_ids": [
              "sg-0b9ba939b75186385"
            ]
          },
          "sensitive_attributes": [],
          "private": "eyJlMmJmYjczMC1lY2FhLTExZTYtOGY4OC0zNDM2M2JjN2M0YzAiOnsiY3JlYXRlIjo2MDAwMDAwMDAwMDAsImRlbGV0ZSI6MTIwMDAwMDAwMDAwMCwidXBkYXRlIjo2MDAwMDAwMDAwMDB9LCJzY2hlbWFfdmVyc2lvbiI6IjEifQ==",
          "dependencies": [
            "aws_key_pair.deployer"
          ]
        }
      ]
    },
    {
      "mode": "managed",
      "type": "aws_key_pair",
      "name": "deployer",
      "provider": "provider[\"registry.terraform.io/hashicorp/aws\"]",
      "instances": [
        {
          "schema_version": 1,
          "attributes": {
            "arn": "arn:aws:ec2:us-east-1:217859617624:key-pair/deployer-key",
            "fingerprint": "6f:75:b8:77:1b:a9:fc:09:59:ca:97:be:fd:ac:7c:00",
            "id": "deployer-key",
            "key_name": "deployer-key",
            "key_name_prefix": null,
            "key_pair_id": "key-04ef5eea7b54b1c0f",
            "public_key": "ssh-rsa AAAAB3NzaC1yc2EAAAADAQABAAABgQDNbrjX29NjCECswI/kr4ujAK+ziAGKrrONF9HSkFxcL5gujM5o4fVGC5ObAJFuXKXO/e/Tz6pFe+CE730juF3BuBIhJv7j1PM/LORIEn9IASPluXMJl6LaUIZ8XH8ekoMPQC2i9rByyleUfhPUB9LQhb4BrreEkOixwA8zlQ9gISK70OxAdIjmh+JBWtELWdamKEcJDpZMcO83NAylASc/8NrSkrgA4IMskfiRGfNtmI2Q3AOUHznQ+0PFxV3LLwQCJrKT+YjPeSlt7dDAHzAAnM8RmwzNClExqRsQSlcF/GMuS3ZKZfJDvySeICLTRQU9KVehtbX2XCIXyBO1D+r9JEz+aqxHl5K4N25XgVx+sDG+3LRQ6bsUSzWXEeNxreuv5j26Czxt8v107WUYFEdoS9CzLEnn1v1Cik/X1S6v9hHi+8gBVKPM+89de4WbXOZyX+rtRBthKqG3TdSpD/h4gCOr+ywBy+Aebdo/vNsv1nv9aNlt6wxQgC/2jbn19cE= piotr@piotr-VirtualBox",
            "tags": null,
            "tags_all": {}
          },
          "sensitive_attributes": [],
          "private": "eyJzY2hlbWFfdmVyc2lvbiI6IjEifQ=="
        }
      ]
    },
    {
      "mode": "managed",
      "type": "aws_s3_bucket",
      "name": "epiowro-another-bucket",
      "provider": "provider[\"registry.terraform.io/hashicorp/aws\"]",
      "instances": [
        {
          "schema_version": 0,
          "attributes": {
            "acceleration_status": "",
            "acl": "public-read",
            "arn": "arn:aws:s3:::another-epiowro-bucket",
            "bucket": "another-epiowro-bucket",
            "bucket_domain_name": "another-epiowro-bucket.s3.amazonaws.com",
            "bucket_prefix": null,
            "bucket_regional_domain_name": "another-epiowro-bucket.s3.amazonaws.com",
            "cors_rule": [],
            "force_destroy": false,
            "grant": [],
            "hosted_zone_id": "Z3AQBSTGFYJSTF",
            "id": "another-epiowro-bucket",
            "lifecycle_rule": [],
            "logging": [],
            "object_lock_configuration": [],
            "policy": null,
            "region": "us-east-1",
            "replication_configuration": [],
            "request_payer": "BucketOwner",
            "server_side_encryption_configuration": [],
            "tags": {
              "Name": "Test Bucket"
            },
            "tags_all": {
              "Name": "Test Bucket"
            },
            "versioning": [
              {
                "enabled": false,
                "mfa_delete": false
              }
            ],
            "website": [],
            "website_domain": null,
            "website_endpoint": null
          },
          "sensitive_attributes": [],
          "private": "bnVsbA=="
        }
      ]
    }
  ]
}
